
Microsoft Visual Studio Solution File, Format Version 12.00
# Visual Studio Version 17
VisualStudioVersion = 17.1.32210.238
MinimumVisualStudioVersion = 10.0.40219.1
Project("{E53339B2-1760-4266-BCC7-CA923CBCF16C}") = "docker-compose", "docker-compose.dcproj", "{E59BA40B-B4EC-4BCC-83C3-2A3A12BF1C3B}"
EndProject
Project("{2150E333-8FDC-42A3-9474-1A3956D46DE8}") = "Common", "Common", "{41F9E4B7-CAA5-4990-8FBB-A02DE33CE857}"
EndProject
Project("{2150E333-8FDC-42A3-9474-1A3956D46DE8}") = "Data", "Data", "{457EC925-B999-440A-82E2-409167AC381D}"
EndProject
Project("{2150E333-8FDC-42A3-9474-1A3956D46DE8}") = "Services", "Services", "{CD2CB9D5-A51F-453E-B2EC-907B2DF0C2C8}"
EndProject
Project("{2150E333-8FDC-42A3-9474-1A3956D46DE8}") = "UI", "UI", "{6CCDF862-6F13-4008-8365-B3E6BC3FF12B}"
EndProject
Project("{9A19103F-16F7-4668-BE54-9A1E7A4F7556}") = "WebStore.Domain", "Common\WebStore.Domain\WebStore.Domain.csproj", "{84D39F5D-39A4-4679-B5DA-9B78F73A487F}"
EndProject
Project("{9A19103F-16F7-4668-BE54-9A1E7A4F7556}") = "WebStore.DAL", "Data\WebStore.DAL\WebStore.DAL.csproj", "{BDB0B999-9AAD-4AC4-82F2-0C24436B562E}"
EndProject
Project("{9A19103F-16F7-4668-BE54-9A1E7A4F7556}") = "WebStore.DAL.Sqlite", "Data\WebStore.DAL.Sqlite\WebStore.DAL.Sqlite.csproj", "{A6A124D7-3AE9-465E-BEE2-DEE7FA68ED07}"
EndProject
Project("{9A19103F-16F7-4668-BE54-9A1E7A4F7556}") = "WebStore", "UI\WebStore\WebStore.csproj", "{CFFCC999-0761-477F-A221-8C0B0D899B9D}"
EndProject
Project("{2150E333-8FDC-42A3-9474-1A3956D46DE8}") = ".Tools", ".Tools", "{440214A1-3462-480A-9776-FA4565151B98}"
	ProjectSection(SolutionItems) = preProject
		.gitignore = .gitignore
		ClearObj.bat = ClearObj.bat
	EndProjectSection
EndProject
Project("{9A19103F-16F7-4668-BE54-9A1E7A4F7556}") = "WebStore.Interfaces", "Services\WebStore.Interfaces\WebStore.Interfaces.csproj", "{8DF4E27D-A31A-4EC4-B1B6-4CF9C65CE597}"
EndProject
Project("{9A19103F-16F7-4668-BE54-9A1E7A4F7556}") = "WebStore.Services", "Services\WebStore.Services\WebStore.Services.csproj", "{EA797745-ACCD-4E5F-9D8B-5E6CEDAD6AC1}"
EndProject
Project("{9A19103F-16F7-4668-BE54-9A1E7A4F7556}") = "WebStore.WebAPI", "Services\WebStore.WebAPI\WebStore.WebAPI.csproj", "{F809A3A9-107D-40CA-AC81-77E246EA7074}"
EndProject
Project("{9A19103F-16F7-4668-BE54-9A1E7A4F7556}") = "WebStore.WebAPI.Clients", "Services\WebStore.WebAPI.Clients\WebStore.WebAPI.Clients.csproj", "{CA74929D-2EEF-4829-9650-DB4DE2202296}"
EndProject
Project("{9A19103F-16F7-4668-BE54-9A1E7A4F7556}") = "WebStore.ConsoleUI", "UI\WebStore.ConsoleUI\WebStore.ConsoleUI.csproj", "{579D9ED7-6F05-403C-9926-2E7DE2331C55}"
EndProject
Project("{9A19103F-16F7-4668-BE54-9A1E7A4F7556}") = "WebStore.Logging", "Common\WebStore.Logging\WebStore.Logging.csproj", "{F613035B-910D-4CA9-9348-BE5C360FE9E1}"
EndProject
Project("{2150E333-8FDC-42A3-9474-1A3956D46DE8}") = "Tests", "Tests", "{4428DAD0-4221-48A3-9763-BAC45D38FD3D}"
EndProject
Project("{FAE04EC0-301F-11D3-BF4B-00C04F79EFBC}") = "WebStore.Tests", "Tests\WebStore.Tests\WebStore.Tests.csproj", "{411223A8-4179-4AA0-8B09-CFF04CF4B004}"
EndProject
Global
	GlobalSection(SolutionConfigurationPlatforms) = preSolution
		Debug|Any CPU = Debug|Any CPU
		Release|Any CPU = Release|Any CPU
	EndGlobalSection
	GlobalSection(ProjectConfigurationPlatforms) = postSolution
		{E59BA40B-B4EC-4BCC-83C3-2A3A12BF1C3B}.Debug|Any CPU.ActiveCfg = Debug|Any CPU
		{E59BA40B-B4EC-4BCC-83C3-2A3A12BF1C3B}.Debug|Any CPU.Build.0 = Debug|Any CPU
		{E59BA40B-B4EC-4BCC-83C3-2A3A12BF1C3B}.Release|Any CPU.ActiveCfg = Release|Any CPU
		{E59BA40B-B4EC-4BCC-83C3-2A3A12BF1C3B}.Release|Any CPU.Build.0 = Release|Any CPU
		{84D39F5D-39A4-4679-B5DA-9B78F73A487F}.Debug|Any CPU.ActiveCfg = Debug|Any CPU
		{84D39F5D-39A4-4679-B5DA-9B78F73A487F}.Debug|Any CPU.Build.0 = Debug|Any CPU
		{84D39F5D-39A4-4679-B5DA-9B78F73A487F}.Release|Any CPU.ActiveCfg = Release|Any CPU
		{84D39F5D-39A4-4679-B5DA-9B78F73A487F}.Release|Any CPU.Build.0 = Release|Any CPU
		{BDB0B999-9AAD-4AC4-82F2-0C24436B562E}.Debug|Any CPU.ActiveCfg = Debug|Any CPU
		{BDB0B999-9AAD-4AC4-82F2-0C24436B562E}.Debug|Any CPU.Build.0 = Debug|Any CPU
		{BDB0B999-9AAD-4AC4-82F2-0C24436B562E}.Release|Any CPU.ActiveCfg = Release|Any CPU
		{BDB0B999-9AAD-4AC4-82F2-0C24436B562E}.Release|Any CPU.Build.0 = Release|Any CPU
		{A6A124D7-3AE9-465E-BEE2-DEE7FA68ED07}.Debug|Any CPU.ActiveCfg = Debug|Any CPU
		{A6A124D7-3AE9-465E-BEE2-DEE7FA68ED07}.Debug|Any CPU.Build.0 = Debug|Any CPU
		{A6A124D7-3AE9-465E-BEE2-DEE7FA68ED07}.Release|Any CPU.ActiveCfg = Release|Any CPU
		{A6A124D7-3AE9-465E-BEE2-DEE7FA68ED07}.Release|Any CPU.Build.0 = Release|Any CPU
		{CFFCC999-0761-477F-A221-8C0B0D899B9D}.Debug|Any CPU.ActiveCfg = Debug|Any CPU
		{CFFCC999-0761-477F-A221-8C0B0D899B9D}.Debug|Any CPU.Build.0 = Debug|Any CPU
		{CFFCC999-0761-477F-A221-8C0B0D899B9D}.Release|Any CPU.ActiveCfg = Release|Any CPU
		{CFFCC999-0761-477F-A221-8C0B0D899B9D}.Release|Any CPU.Build.0 = Release|Any CPU
		{8DF4E27D-A31A-4EC4-B1B6-4CF9C65CE597}.Debug|Any CPU.ActiveCfg = Debug|Any CPU
		{8DF4E27D-A31A-4EC4-B1B6-4CF9C65CE597}.Debug|Any CPU.Build.0 = Debug|Any CPU
		{8DF4E27D-A31A-4EC4-B1B6-4CF9C65CE597}.Release|Any CPU.ActiveCfg = Release|Any CPU
		{8DF4E27D-A31A-4EC4-B1B6-4CF9C65CE597}.Release|Any CPU.Build.0 = Release|Any CPU
		{EA797745-ACCD-4E5F-9D8B-5E6CEDAD6AC1}.Debug|Any CPU.ActiveCfg = Debug|Any CPU
		{EA797745-ACCD-4E5F-9D8B-5E6CEDAD6AC1}.Debug|Any CPU.Build.0 = Debug|Any CPU
		{EA797745-ACCD-4E5F-9D8B-5E6CEDAD6AC1}.Release|Any CPU.ActiveCfg = Release|Any CPU
		{EA797745-ACCD-4E5F-9D8B-5E6CEDAD6AC1}.Release|Any CPU.Build.0 = Release|Any CPU
		{F809A3A9-107D-40CA-AC81-77E246EA7074}.Debug|Any CPU.ActiveCfg = Debug|Any CPU
		{F809A3A9-107D-40CA-AC81-77E246EA7074}.Debug|Any CPU.Build.0 = Debug|Any CPU
		{F809A3A9-107D-40CA-AC81-77E246EA7074}.Release|Any CPU.ActiveCfg = Release|Any CPU
		{F809A3A9-107D-40CA-AC81-77E246EA7074}.Release|Any CPU.Build.0 = Release|Any CPU
		{CA74929D-2EEF-4829-9650-DB4DE2202296}.Debug|Any CPU.ActiveCfg = Debug|Any CPU
		{CA74929D-2EEF-4829-9650-DB4DE2202296}.Debug|Any CPU.Build.0 = Debug|Any CPU
		{CA74929D-2EEF-4829-9650-DB4DE2202296}.Release|Any CPU.ActiveCfg = Release|Any CPU
		{CA74929D-2EEF-4829-9650-DB4DE2202296}.Release|Any CPU.Build.0 = Release|Any CPU
		{579D9ED7-6F05-403C-9926-2E7DE2331C55}.Debug|Any CPU.ActiveCfg = Debug|Any CPU
		{579D9ED7-6F05-403C-9926-2E7DE2331C55}.Debug|Any CPU.Build.0 = Debug|Any CPU
		{579D9ED7-6F05-403C-9926-2E7DE2331C55}.Release|Any CPU.ActiveCfg = Release|Any CPU
		{579D9ED7-6F05-403C-9926-2E7DE2331C55}.Release|Any CPU.Build.0 = Release|Any CPU
		{F613035B-910D-4CA9-9348-BE5C360FE9E1}.Debug|Any CPU.ActiveCfg = Debug|Any CPU
		{F613035B-910D-4CA9-9348-BE5C360FE9E1}.Debug|Any CPU.Build.0 = Debug|Any CPU
		{F613035B-910D-4CA9-9348-BE5C360FE9E1}.Release|Any CPU.ActiveCfg = Release|Any CPU
		{F613035B-910D-4CA9-9348-BE5C360FE9E1}.Release|Any CPU.Build.0 = Release|Any CPU
		{411223A8-4179-4AA0-8B09-CFF04CF4B004}.Debug|Any CPU.ActiveCfg = Debug|Any CPU
		{411223A8-4179-4AA0-8B09-CFF04CF4B004}.Debug|Any CPU.Build.0 = Debug|Any CPU
		{411223A8-4179-4AA0-8B09-CFF04CF4B004}.Release|Any CPU.ActiveCfg = Release|Any CPU
		{411223A8-4179-4AA0-8B09-CFF04CF4B004}.Release|Any CPU.Build.0 = Release|Any CPU
	EndGlobalSection
	GlobalSection(SolutionProperties) = preSolution
		HideSolutionNode = FALSE
	EndGlobalSection
	GlobalSection(NestedProjects) = preSolution
		{84D39F5D-39A4-4679-B5DA-9B78F73A487F} = {41F9E4B7-CAA5-4990-8FBB-A02DE33CE857}
		{BDB0B999-9AAD-4AC4-82F2-0C24436B562E} = {457EC925-B999-440A-82E2-409167AC381D}
		{A6A124D7-3AE9-465E-BEE2-DEE7FA68ED07} = {457EC925-B999-440A-82E2-409167AC381D}
		{CFFCC999-0761-477F-A221-8C0B0D899B9D} = {6CCDF862-6F13-4008-8365-B3E6BC3FF12B}
		{8DF4E27D-A31A-4EC4-B1B6-4CF9C65CE597} = {CD2CB9D5-A51F-453E-B2EC-907B2DF0C2C8}
		{EA797745-ACCD-4E5F-9D8B-5E6CEDAD6AC1} = {CD2CB9D5-A51F-453E-B2EC-907B2DF0C2C8}
		{F809A3A9-107D-40CA-AC81-77E246EA7074} = {CD2CB9D5-A51F-453E-B2EC-907B2DF0C2C8}
		{CA74929D-2EEF-4829-9650-DB4DE2202296} = {CD2CB9D5-A51F-453E-B2EC-907B2DF0C2C8}
		{579D9ED7-6F05-403C-9926-2E7DE2331C55} = {6CCDF862-6F13-4008-8365-B3E6BC3FF12B}
		{F613035B-910D-4CA9-9348-BE5C360FE9E1} = {41F9E4B7-CAA5-4990-8FBB-A02DE33CE857}
		{411223A8-4179-4AA0-8B09-CFF04CF4B004} = {4428DAD0-4221-48A3-9763-BAC45D38FD3D}
	EndGlobalSection
	GlobalSection(ExtensibilityGlobals) = postSolution
		SolutionGuid = {451121DC-B193-4373-8287-BA462A7091D7}
	EndGlobalSection
EndGlobal
